<?xml version="1.0" encoding="utf-8"?>
<Project ToolsVersion="4.0" xmlns="http://schemas.microsoft.com/developer/msbuild/2003">
  <ItemGroup>
    <ClCompile Include="Board.cpp" />
    <ClCompile Include="Enemy.cpp" />
    <ClCompile Include="Main.cpp" />
    <ClCompile Include="Point.cpp" />
    <ClCompile Include="Ship.cpp" />
    <ClCompile Include="PlaceShip.cpp" />
    <ClCompile Include="Player.cpp" />
  </ItemGroup>
  <ItemGroup>
    <ClInclude Include="Board.h" />
    <ClInclude Include="Enemy.h" />
    <ClInclude Include="GameState.h" />
    <ClInclude Include="Player.h" />
    <ClInclude Include="Point.h" />
    <ClInclude Include="Ship.h" />
    <ClInclude Include="PlaceShip.h" />
  </ItemGroup>
</Project>